
Microsoft Visual Studio Solution File, Format Version 12.00
# Visual Studio 15
VisualStudioVersion = 15.0.28307.136
MinimumVisualStudioVersion = 10.0.40219.1
Project("{9A19103F-16F7-4668-BE54-9A1E7A4F7556}") = "FreePackages", "FreePackages\FreePackages.csproj", "{C485E0CB-4D22-4A09-8CBA-83D1300A83DC}"
EndProject
Project("{9A19103F-16F7-4668-BE54-9A1E7A4F7556}") = "ArchiSteamFarm", "ArchiSteamFarm\ArchiSteamFarm\ArchiSteamFarm.csproj", "{CF84911C-2C4C-4195-8AF3-ABBB6D3DE9AA}"
EndProject
Project("{FAE04EC0-301F-11D3-BF4B-00C04F79EFBC}") = "FreePackages.Tests", "FreePackages.Tests\FreePackages.Tests.csproj", "{5A9E1E50-7E5A-442F-83E0-928998450E73}"
EndProject
Global
	GlobalSection(SolutionConfigurationPlatforms) = preSolution
		Debug|Any CPU = Debug|Any CPU
		Debug|x64 = Debug|x64
		Debug|x86 = Debug|x86
		Release|Any CPU = Release|Any CPU
		Release|x64 = Release|x64
		Release|x86 = Release|x86
	EndGlobalSection
	GlobalSection(ProjectConfigurationPlatforms) = postSolution
		{C485E0CB-4D22-4A09-8CBA-83D1300A83DC}.Debug|Any CPU.ActiveCfg = Debug|Any CPU
		{C485E0CB-4D22-4A09-8CBA-83D1300A83DC}.Debug|Any CPU.Build.0 = Debug|Any CPU
		{C485E0CB-4D22-4A09-8CBA-83D1300A83DC}.Debug|x64.ActiveCfg = Debug|Any CPU
		{C485E0CB-4D22-4A09-8CBA-83D1300A83DC}.Debug|x64.Build.0 = Debug|Any CPU
		{C485E0CB-4D22-4A09-8CBA-83D1300A83DC}.Debug|x86.ActiveCfg = Debug|Any CPU
		{C485E0CB-4D22-4A09-8CBA-83D1300A83DC}.Debug|x86.Build.0 = Debug|Any CPU
		{C485E0CB-4D22-4A09-8CBA-83D1300A83DC}.Release|Any CPU.ActiveCfg = Release|Any CPU
		{C485E0CB-4D22-4A09-8CBA-83D1300A83DC}.Release|Any CPU.Build.0 = Release|Any CPU
		{C485E0CB-4D22-4A09-8CBA-83D1300A83DC}.Release|x64.ActiveCfg = Release|Any CPU
		{C485E0CB-4D22-4A09-8CBA-83D1300A83DC}.Release|x64.Build.0 = Release|Any CPU
		{C485E0CB-4D22-4A09-8CBA-83D1300A83DC}.Release|x86.ActiveCfg = Release|Any CPU
		{C485E0CB-4D22-4A09-8CBA-83D1300A83DC}.Release|x86.Build.0 = Release|Any CPU
		{CF84911C-2C4C-4195-8AF3-ABBB6D3DE9AA}.Debug|Any CPU.ActiveCfg = Release|Any CPU
		{CF84911C-2C4C-4195-8AF3-ABBB6D3DE9AA}.Debug|Any CPU.Build.0 = Release|Any CPU
		{CF84911C-2C4C-4195-8AF3-ABBB6D3DE9AA}.Debug|x64.ActiveCfg = Debug|Any CPU
		{CF84911C-2C4C-4195-8AF3-ABBB6D3DE9AA}.Debug|x64.Build.0 = Debug|Any CPU
		{CF84911C-2C4C-4195-8AF3-ABBB6D3DE9AA}.Debug|x86.ActiveCfg = Debug|Any CPU
		{CF84911C-2C4C-4195-8AF3-ABBB6D3DE9AA}.Debug|x86.Build.0 = Debug|Any CPU
		{CF84911C-2C4C-4195-8AF3-ABBB6D3DE9AA}.Release|Any CPU.ActiveCfg = Release|Any CPU
		{CF84911C-2C4C-4195-8AF3-ABBB6D3DE9AA}.Release|Any CPU.Build.0 = Release|Any CPU
		{CF84911C-2C4C-4195-8AF3-ABBB6D3DE9AA}.Release|x64.ActiveCfg = Release|Any CPU
		{CF84911C-2C4C-4195-8AF3-ABBB6D3DE9AA}.Release|x64.Build.0 = Release|Any CPU
		{CF84911C-2C4C-4195-8AF3-ABBB6D3DE9AA}.Release|x86.ActiveCfg = Release|Any CPU
		{CF84911C-2C4C-4195-8AF3-ABBB6D3DE9AA}.Release|x86.Build.0 = Release|Any CPU
		{5A9E1E50-7E5A-442F-83E0-928998450E73}.Debug|Any CPU.ActiveCfg = Debug|Any CPU
		{5A9E1E50-7E5A-442F-83E0-928998450E73}.Debug|Any CPU.Build.0 = Debug|Any CPU
		{5A9E1E50-7E5A-442F-83E0-928998450E73}.Debug|x64.ActiveCfg = Debug|Any CPU
		{5A9E1E50-7E5A-442F-83E0-928998450E73}.Debug|x64.Build.0 = Debug|Any CPU
		{5A9E1E50-7E5A-442F-83E0-928998450E73}.Debug|x86.ActiveCfg = Debug|Any CPU
		{5A9E1E50-7E5A-442F-83E0-928998450E73}.Debug|x86.Build.0 = Debug|Any CPU
		{5A9E1E50-7E5A-442F-83E0-928998450E73}.Release|Any CPU.ActiveCfg = Release|Any CPU
		{5A9E1E50-7E5A-442F-83E0-928998450E73}.Release|Any CPU.Build.0 = Release|Any CPU
		{5A9E1E50-7E5A-442F-83E0-928998450E73}.Release|x64.ActiveCfg = Release|Any CPU
		{5A9E1E50-7E5A-442F-83E0-928998450E73}.Release|x64.Build.0 = Release|Any CPU
		{5A9E1E50-7E5A-442F-83E0-928998450E73}.Release|x86.ActiveCfg = Release|Any CPU
		{5A9E1E50-7E5A-442F-83E0-928998450E73}.Release|x86.Build.0 = Release|Any CPU
	EndGlobalSection
	GlobalSection(SolutionProperties) = preSolution
		HideSolutionNode = FALSE
	EndGlobalSection
	GlobalSection(ExtensibilityGlobals) = postSolution
		SolutionGuid = {F0A96B42-B9D3-46DB-B976-08836C4F60A2}
	EndGlobalSection
EndGlobal
